// !$*UTF8*$!
{
	archiveVersion = 1;
	classes = {
	};
	objectVersion = 50;
	objects = {

/* Begin PBXBuildFile section */
		7B54437A25D1A0C300C9EC22 /* AppDelegate.swift in Sources */ = {isa = PBXBuildFile; fileRef = 7B54437925D1A0C300C9EC22 /* AppDelegate.swift */; };
		7B54437C25D1A0C300C9EC22 /* SceneDelegate.swift in Sources */ = {isa = PBXBuildFile; fileRef = 7B54437B25D1A0C300C9EC22 /* SceneDelegate.swift */; };
		7B54438025D1A0C300C9EC22 /* Assets.xcassets in Resources */ = {isa = PBXBuildFile; fileRef = 7B54437F25D1A0C300C9EC22 /* Assets.xcassets */; };
		7B54438325D1A0C300C9EC22 /* Preview Assets.xcassets in Resources */ = {isa = PBXBuildFile; fileRef = 7B54438225D1A0C300C9EC22 /* Preview Assets.xcassets */; };
		7B54438625D1A0C300C9EC22 /* LaunchScreen.storyboard in Resources */ = {isa = PBXBuildFile; fileRef = 7B54438425D1A0C300C9EC22 /* LaunchScreen.storyboard */; };
		7B54439125D1A0C300C9EC22 /* IngenieSolutionTests.swift in Sources */ = {isa = PBXBuildFile; fileRef = 7B54439025D1A0C300C9EC22 /* IngenieSolutionTests.swift */; };
		7B5443CC25D1A20A00C9EC22 /* NavigationError.swift in Sources */ = {isa = PBXBuildFile; fileRef = 7B5443C925D1A20A00C9EC22 /* NavigationError.swift */; };
		7B5443CD25D1A20A00C9EC22 /* Command.swift in Sources */ = {isa = PBXBuildFile; fileRef = 7B5443CA25D1A20A00C9EC22 /* Command.swift */; };
		7B5443CE25D1A20A00C9EC22 /* Direction.swift in Sources */ = {isa = PBXBuildFile; fileRef = 7B5443CB25D1A20A00C9EC22 /* Direction.swift */; };
		7B5443D325D1A22B00C9EC22 /* NavigateSpiderViewModel.swift in Sources */ = {isa = PBXBuildFile; fileRef = 7B5443D225D1A22B00C9EC22 /* NavigateSpiderViewModel.swift */; };
		7B5443D925D1A24000C9EC22 /* Spider.swift in Sources */ = {isa = PBXBuildFile; fileRef = 7B5443D725D1A24000C9EC22 /* Spider.swift */; };
		7B5443DA25D1A24000C9EC22 /* RectangleWall.swift in Sources */ = {isa = PBXBuildFile; fileRef = 7B5443D825D1A24000C9EC22 /* RectangleWall.swift */; };
		7B5443EB25D1A2D400C9EC22 /* NavigateSpiderViewModelTests.swift in Sources */ = {isa = PBXBuildFile; fileRef = 7B5443EA25D1A2D400C9EC22 /* NavigateSpiderViewModelTests.swift */; };
/* End PBXBuildFile section */

/* Begin PBXContainerItemProxy section */
		7B54438D25D1A0C300C9EC22 /* PBXContainerItemProxy */ = {
			isa = PBXContainerItemProxy;
			containerPortal = 7B54436E25D1A0C300C9EC22 /* Project object */;
			proxyType = 1;
			remoteGlobalIDString = 7B54437525D1A0C300C9EC22;
			remoteInfo = IngenieSolution;
		};
/* End PBXContainerItemProxy section */

/* Begin PBXFileReference section */
		7B54437625D1A0C300C9EC22 /* IngenieSolution.app */ = {isa = PBXFileReference; explicitFileType = wrapper.application; includeInIndex = 0; path = IngenieSolution.app; sourceTree = BUILT_PRODUCTS_DIR; };
		7B54437925D1A0C300C9EC22 /* AppDelegate.swift */ = {isa = PBXFileReference; lastKnownFileType = sourcecode.swift; path = AppDelegate.swift; sourceTree = "<group>"; };
		7B54437B25D1A0C300C9EC22 /* SceneDelegate.swift */ = {isa = PBXFileReference; lastKnownFileType = sourcecode.swift; path = SceneDelegate.swift; sourceTree = "<group>"; };
		7B54437F25D1A0C300C9EC22 /* Assets.xcassets */ = {isa = PBXFileReference; lastKnownFileType = folder.assetcatalog; path = Assets.xcassets; sourceTree = "<group>"; };
		7B54438225D1A0C300C9EC22 /* Preview Assets.xcassets */ = {isa = PBXFileReference; lastKnownFileType = folder.assetcatalog; path = "Preview Assets.xcassets"; sourceTree = "<group>"; };
		7B54438525D1A0C300C9EC22 /* Base */ = {isa = PBXFileReference; lastKnownFileType = file.storyboard; name = Base; path = Base.lproj/LaunchScreen.storyboard; sourceTree = "<group>"; };
		7B54438725D1A0C300C9EC22 /* Info.plist */ = {isa = PBXFileReference; lastKnownFileType = text.plist.xml; path = Info.plist; sourceTree = "<group>"; };
		7B54438C25D1A0C300C9EC22 /* IngenieSolutionTests.xctest */ = {isa = PBXFileReference; explicitFileType = wrapper.cfbundle; includeInIndex = 0; path = IngenieSolutionTests.xctest; sourceTree = BUILT_PRODUCTS_DIR; };
		7B54439025D1A0C300C9EC22 /* IngenieSolutionTests.swift */ = {isa = PBXFileReference; lastKnownFileType = sourcecode.swift; path = IngenieSolutionTests.swift; sourceTree = "<group>"; };
		7B54439225D1A0C300C9EC22 /* Info.plist */ = {isa = PBXFileReference; lastKnownFileType = text.plist.xml; path = Info.plist; sourceTree = "<group>"; };
		7B5443C925D1A20A00C9EC22 /* NavigationError.swift */ = {isa = PBXFileReference; fileEncoding = 4; lastKnownFileType = sourcecode.swift; path = NavigationError.swift; sourceTree = "<group>"; };
		7B5443CA25D1A20A00C9EC22 /* Command.swift */ = {isa = PBXFileReference; fileEncoding = 4; lastKnownFileType = sourcecode.swift; path = Command.swift; sourceTree = "<group>"; };
		7B5443CB25D1A20A00C9EC22 /* Direction.swift */ = {isa = PBXFileReference; fileEncoding = 4; lastKnownFileType = sourcecode.swift; path = Direction.swift; sourceTree = "<group>"; };
		7B5443D225D1A22B00C9EC22 /* NavigateSpiderViewModel.swift */ = {isa = PBXFileReference; fileEncoding = 4; lastKnownFileType = sourcecode.swift; path = NavigateSpiderViewModel.swift; sourceTree = "<group>"; };
		7B5443D725D1A24000C9EC22 /* Spider.swift */ = {isa = PBXFileReference; fileEncoding = 4; lastKnownFileType = sourcecode.swift; path = Spider.swift; sourceTree = "<group>"; };
		7B5443D825D1A24000C9EC22 /* RectangleWall.swift */ = {isa = PBXFileReference; fileEncoding = 4; lastKnownFileType = sourcecode.swift; path = RectangleWall.swift; sourceTree = "<group>"; };
		7B5443EA25D1A2D400C9EC22 /* NavigateSpiderViewModelTests.swift */ = {isa = PBXFileReference; lastKnownFileType = sourcecode.swift; path = NavigateSpiderViewModelTests.swift; sourceTree = "<group>"; };
/* End PBXFileReference section */

/* Begin PBXFrameworksBuildPhase section */
		7B54437325D1A0C300C9EC22 /* Frameworks */ = {
			isa = PBXFrameworksBuildPhase;
			buildActionMask = 2147483647;
			files = (
			);
			runOnlyForDeploymentPostprocessing = 0;
		};
		7B54438925D1A0C300C9EC22 /* Frameworks */ = {
			isa = PBXFrameworksBuildPhase;
			buildActionMask = 2147483647;
			files = (
			);
			runOnlyForDeploymentPostprocessing = 0;
		};
/* End PBXFrameworksBuildPhase section */

/* Begin PBXGroup section */
		7B54436D25D1A0C300C9EC22 = {
			isa = PBXGroup;
			children = (
				7B54437825D1A0C300C9EC22 /* IngenieSolution */,
				7B54438F25D1A0C300C9EC22 /* IngenieSolutionTests */,
				7B54437725D1A0C300C9EC22 /* Products */,
			);
			sourceTree = "<group>";
		};
		7B54437725D1A0C300C9EC22 /* Products */ = {
			isa = PBXGroup;
			children = (
				7B54437625D1A0C300C9EC22 /* IngenieSolution.app */,
				7B54438C25D1A0C300C9EC22 /* IngenieSolutionTests.xctest */,
			);
			name = Products;
			sourceTree = "<group>";
		};
		7B54437825D1A0C300C9EC22 /* IngenieSolution */ = {
			isa = PBXGroup;
			children = (
				7B5443C625D1A1EE00C9EC22 /* Models */,
				7B5443C525D1A1E900C9EC22 /* ViewModels */,
				7B5443AC25D1A0C700C9EC22 /* Application */,
			);
			path = IngenieSolution;
			sourceTree = "<group>";
		};
		7B54438125D1A0C300C9EC22 /* Preview Content */ = {
			isa = PBXGroup;
			children = (
				7B54438225D1A0C300C9EC22 /* Preview Assets.xcassets */,
			);
			path = "Preview Content";
			sourceTree = "<group>";
		};
		7B54438F25D1A0C300C9EC22 /* IngenieSolutionTests */ = {
			isa = PBXGroup;
			children = (
				7B5443E925D1A2C800C9EC22 /* ViewModels */,
				7B54439025D1A0C300C9EC22 /* IngenieSolutionTests.swift */,
				7B54439225D1A0C300C9EC22 /* Info.plist */,
			);
			path = IngenieSolutionTests;
			sourceTree = "<group>";
		};
		7B5443AC25D1A0C700C9EC22 /* Application */ = {
			isa = PBXGroup;
			children = (
				7B5443C725D1A1F300C9EC22 /* Helpers */,
				7B5443B125D1A0D400C9EC22 /* SupportingFiles */,
				7B5443B025D1A0CE00C9EC22 /* Delegates */,
			);
			path = Application;
			sourceTree = "<group>";
		};
		7B5443B025D1A0CE00C9EC22 /* Delegates */ = {
			isa = PBXGroup;
			children = (
				7B54437925D1A0C300C9EC22 /* AppDelegate.swift */,
				7B54437B25D1A0C300C9EC22 /* SceneDelegate.swift */,
			);
			path = Delegates;
			sourceTree = "<group>";
		};
		7B5443B125D1A0D400C9EC22 /* SupportingFiles */ = {
			isa = PBXGroup;
			children = (
				7B54437F25D1A0C300C9EC22 /* Assets.xcassets */,
				7B54438425D1A0C300C9EC22 /* LaunchScreen.storyboard */,
				7B54438725D1A0C300C9EC22 /* Info.plist */,
				7B54438125D1A0C300C9EC22 /* Preview Content */,
			);
			path = SupportingFiles;
			sourceTree = "<group>";
		};
		7B5443C525D1A1E900C9EC22 /* ViewModels */ = {
			isa = PBXGroup;
			children = (
				7B5443D225D1A22B00C9EC22 /* NavigateSpiderViewModel.swift */,
			);
			path = ViewModels;
			sourceTree = "<group>";
		};
		7B5443C625D1A1EE00C9EC22 /* Models */ = {
			isa = PBXGroup;
			children = (
				7B5443D825D1A24000C9EC22 /* RectangleWall.swift */,
				7B5443D725D1A24000C9EC22 /* Spider.swift */,
			);
			path = Models;
			sourceTree = "<group>";
		};
		7B5443C725D1A1F300C9EC22 /* Helpers */ = {
			isa = PBXGroup;
			children = (
				7B5443C825D1A1F600C9EC22 /* Enums */,
			);
			path = Helpers;
			sourceTree = "<group>";
		};
		7B5443C825D1A1F600C9EC22 /* Enums */ = {
			isa = PBXGroup;
			children = (
				7B5443CA25D1A20A00C9EC22 /* Command.swift */,
				7B5443CB25D1A20A00C9EC22 /* Direction.swift */,
				7B5443C925D1A20A00C9EC22 /* NavigationError.swift */,
			);
			path = Enums;
			sourceTree = "<group>";
		};
		7B5443E925D1A2C800C9EC22 /* ViewModels */ = {
			isa = PBXGroup;
			children = (
				7B5443EA25D1A2D400C9EC22 /* NavigateSpiderViewModelTests.swift */,
			);
			path = ViewModels;
			sourceTree = "<group>";
		};
/* End PBXGroup section */

/* Begin PBXNativeTarget section */
		7B54437525D1A0C300C9EC22 /* IngenieSolution */ = {
			isa = PBXNativeTarget;
			buildConfigurationList = 7B5443A025D1A0C300C9EC22 /* Build configuration list for PBXNativeTarget "IngenieSolution" */;
			buildPhases = (
				7B54437225D1A0C300C9EC22 /* Sources */,
				7B54437325D1A0C300C9EC22 /* Frameworks */,
				7B54437425D1A0C300C9EC22 /* Resources */,
			);
			buildRules = (
			);
			dependencies = (
			);
			name = IngenieSolution;
			productName = IngenieSolution;
			productReference = 7B54437625D1A0C300C9EC22 /* IngenieSolution.app */;
			productType = "com.apple.product-type.application";
		};
		7B54438B25D1A0C300C9EC22 /* IngenieSolutionTests */ = {
			isa = PBXNativeTarget;
			buildConfigurationList = 7B5443A325D1A0C300C9EC22 /* Build configuration list for PBXNativeTarget "IngenieSolutionTests" */;
			buildPhases = (
				7B54438825D1A0C300C9EC22 /* Sources */,
				7B54438925D1A0C300C9EC22 /* Frameworks */,
				7B54438A25D1A0C300C9EC22 /* Resources */,
			);
			buildRules = (
			);
			dependencies = (
				7B54438E25D1A0C300C9EC22 /* PBXTargetDependency */,
			);
			name = IngenieSolutionTests;
			productName = IngenieSolutionTests;
			productReference = 7B54438C25D1A0C300C9EC22 /* IngenieSolutionTests.xctest */;
			productType = "com.apple.product-type.bundle.unit-test";
		};
/* End PBXNativeTarget section */

/* Begin PBXProject section */
		7B54436E25D1A0C300C9EC22 /* Project object */ = {
			isa = PBXProject;
			attributes = {
				LastSwiftUpdateCheck = 1230;
				LastUpgradeCheck = 1230;
				TargetAttributes = {
					7B54437525D1A0C300C9EC22 = {
						CreatedOnToolsVersion = 12.3;
					};
					7B54438B25D1A0C300C9EC22 = {
						CreatedOnToolsVersion = 12.3;
						TestTargetID = 7B54437525D1A0C300C9EC22;
					};
				};
			};
			buildConfigurationList = 7B54437125D1A0C300C9EC22 /* Build configuration list for PBXProject "IngenieSolution" */;
			compatibilityVersion = "Xcode 9.3";
			developmentRegion = en;
			hasScannedForEncodings = 0;
			knownRegions = (
				en,
				Base,
			);
			mainGroup = 7B54436D25D1A0C300C9EC22;
			productRefGroup = 7B54437725D1A0C300C9EC22 /* Products */;
			projectDirPath = "";
			projectRoot = "";
			targets = (
				7B54437525D1A0C300C9EC22 /* IngenieSolution */,
				7B54438B25D1A0C300C9EC22 /* IngenieSolutionTests */,
			);
		};
/* End PBXProject section */

/* Begin PBXResourcesBuildPhase section */
		7B54437425D1A0C300C9EC22 /* Resources */ = {
			isa = PBXResourcesBuildPhase;
			buildActionMask = 2147483647;
			files = (
				7B54438625D1A0C300C9EC22 /* LaunchScreen.storyboard in Resources */,
				7B54438325D1A0C300C9EC22 /* Preview Assets.xcassets in Resources */,
				7B54438025D1A0C300C9EC22 /* Assets.xcassets in Resources */,
			);
			runOnlyForDeploymentPostprocessing = 0;
		};
		7B54438A25D1A0C300C9EC22 /* Resources */ = {
			isa = PBXResourcesBuildPhase;
			buildActionMask = 2147483647;
			files = (
			);
			runOnlyForDeploymentPostprocessing = 0;
		};
/* End PBXResourcesBuildPhase section */

/* Begin PBXSourcesBuildPhase section */
		7B54437225D1A0C300C9EC22 /* Sources */ = {
			isa = PBXSourcesBuildPhase;
			buildActionMask = 2147483647;
			files = (
				7B54437A25D1A0C300C9EC22 /* AppDelegate.swift in Sources */,
				7B5443CC25D1A20A00C9EC22 /* NavigationError.swift in Sources */,
				7B5443D325D1A22B00C9EC22 /* NavigateSpiderViewModel.swift in Sources */,
				7B5443DA25D1A24000C9EC22 /* RectangleWall.swift in Sources */,
				7B54437C25D1A0C300C9EC22 /* SceneDelegate.swift in Sources */,
				7B5443D925D1A24000C9EC22 /* Spider.swift in Sources */,
				7B5443CE25D1A20A00C9EC22 /* Direction.swift in Sources */,
				7B5443CD25D1A20A00C9EC22 /* Command.swift in Sources */,
			);
			runOnlyForDeploymentPostprocessing = 0;
		};
		7B54438825D1A0C300C9EC22 /* Sources */ = {
			isa = PBXSourcesBuildPhase;
			buildActionMask = 2147483647;
			files = (
				7B5443EB25D1A2D400C9EC22 /* NavigateSpiderViewModelTests.swift in Sources */,
				7B54439125D1A0C300C9EC22 /* IngenieSolutionTests.swift in Sources */,
			);
			runOnlyForDeploymentPostprocessing = 0;
		};
/* End PBXSourcesBuildPhase section */

/* Begin PBXTargetDependency section */
		7B54438E25D1A0C300C9EC22 /* PBXTargetDependency */ = {
			isa = PBXTargetDependency;
			target = 7B54437525D1A0C300C9EC22 /* IngenieSolution */;
			targetProxy = 7B54438D25D1A0C300C9EC22 /* PBXContainerItemProxy */;
		};
/* End PBXTargetDependency section */

/* Begin PBXVariantGroup section */
		7B54438425D1A0C300C9EC22 /* LaunchScreen.storyboard */ = {
			isa = PBXVariantGroup;
			children = (
				7B54438525D1A0C300C9EC22 /* Base */,
			);
			name = LaunchScreen.storyboard;
			sourceTree = "<group>";
		};
/* End PBXVariantGroup section */

/* Begin XCBuildConfiguration section */
		7B54439E25D1A0C300C9EC22 /* Debug */ = {
			isa = XCBuildConfiguration;
			buildSettings = {
				ALWAYS_SEARCH_USER_PATHS = NO;
				CLANG_ANALYZER_NONNULL = YES;
				CLANG_ANALYZER_NUMBER_OBJECT_CONVERSION = YES_AGGRESSIVE;
				CLANG_CXX_LANGUAGE_STANDARD = "gnu++14";
				CLANG_CXX_LIBRARY = "libc++";
				CLANG_ENABLE_MODULES = YES;
				CLANG_ENABLE_OBJC_ARC = YES;
				CLANG_ENABLE_OBJC_WEAK = YES;
				CLANG_WARN_BLOCK_CAPTURE_AUTORELEASING = YES;
				CLANG_WARN_BOOL_CONVERSION = YES;
				CLANG_WARN_COMMA = YES;
				CLANG_WARN_CONSTANT_CONVERSION = YES;
				CLANG_WARN_DEPRECATED_OBJC_IMPLEMENTATIONS = YES;
				CLANG_WARN_DIRECT_OBJC_ISA_USAGE = YES_ERROR;
				CLANG_WARN_DOCUMENTATION_COMMENTS = YES;
				CLANG_WARN_EMPTY_BODY = YES;
				CLANG_WARN_ENUM_CONVERSION = YES;
				CLANG_WARN_INFINITE_RECURSION = YES;
				CLANG_WARN_INT_CONVERSION = YES;
				CLANG_WARN_NON_LITERAL_NULL_CONVERSION = YES;
				CLANG_WARN_OBJC_IMPLICIT_RETAIN_SELF = YES;
				CLANG_WARN_OBJC_LITERAL_CONVERSION = YES;
				CLANG_WARN_OBJC_ROOT_CLASS = YES_ERROR;
				CLANG_WARN_QUOTED_INCLUDE_IN_FRAMEWORK_HEADER = YES;
				CLANG_WARN_RANGE_LOOP_ANALYSIS = YES;
				CLANG_WARN_STRICT_PROTOTYPES = YES;
				CLANG_WARN_SUSPICIOUS_MOVE = YES;
				CLANG_WARN_UNGUARDED_AVAILABILITY = YES_AGGRESSIVE;
				CLANG_WARN_UNREACHABLE_CODE = YES;
				CLANG_WARN__DUPLICATE_METHOD_MATCH = YES;
				COPY_PHASE_STRIP = NO;
				DEBUG_INFORMATION_FORMAT = dwarf;
				ENABLE_STRICT_OBJC_MSGSEND = YES;
				ENABLE_TESTABILITY = YES;
				GCC_C_LANGUAGE_STANDARD = gnu11;
				GCC_DYNAMIC_NO_PIC = NO;
				GCC_NO_COMMON_BLOCKS = YES;
				GCC_OPTIMIZATION_LEVEL = 0;
				GCC_PREPROCESSOR_DEFINITIONS = (
					"DEBUG=1",
					"$(inherited)",
				);
				GCC_WARN_64_TO_32_BIT_CONVERSION = YES;
				GCC_WARN_ABOUT_RETURN_TYPE = YES_ERROR;
				GCC_WARN_UNDECLARED_SELECTOR = YES;
				GCC_WARN_UNINITIALIZED_AUTOS = YES_AGGRESSIVE;
				GCC_WARN_UNUSED_FUNCTION = YES;
				GCC_WARN_UNUSED_VARIABLE = YES;
				IPHONEOS_DEPLOYMENT_TARGET = 14.3;
				MTL_ENABLE_DEBUG_INFO = INCLUDE_SOURCE;
				MTL_FAST_MATH = YES;
				ONLY_ACTIVE_ARCH = YES;
				SDKROOT = iphoneos;
				SWIFT_ACTIVE_COMPILATION_CONDITIONS = DEBUG;
				SWIFT_OPTIMIZATION_LEVEL = "-Onone";
			};
			name = Debug;
		};
		7B54439F25D1A0C300C9EC22 /* Release */ = {
			isa = XCBuildConfiguration;
			buildSettings = {
				ALWAYS_SEARCH_USER_PATHS = NO;
				CLANG_ANALYZER_NONNULL = YES;
				CLANG_ANALYZER_NUMBER_OBJECT_CONVERSION = YES_AGGRESSIVE;
				CLANG_CXX_LANGUAGE_STANDARD = "gnu++14";
				CLANG_CXX_LIBRARY = "libc++";
				CLANG_ENABLE_MODULES = YES;
				CLANG_ENABLE_OBJC_ARC = YES;
				CLANG_ENABLE_OBJC_WEAK = YES;
				CLANG_WARN_BLOCK_CAPTURE_AUTORELEASING = YES;
				CLANG_WARN_BOOL_CONVERSION = YES;
				CLANG_WARN_COMMA = YES;
				CLANG_WARN_CONSTANT_CONVERSION = YES;
				CLANG_WARN_DEPRECATED_OBJC_IMPLEMENTATIONS = YES;
				CLANG_WARN_DIRECT_OBJC_ISA_USAGE = YES_ERROR;
				CLANG_WARN_DOCUMENTATION_COMMENTS = YES;
				CLANG_WARN_EMPTY_BODY = YES;
				CLANG_WARN_ENUM_CONVERSION = YES;
				CLANG_WARN_INFINITE_RECURSION = YES;
				CLANG_WARN_INT_CONVERSION = YES;
				CLANG_WARN_NON_LITERAL_NULL_CONVERSION = YES;
				CLANG_WARN_OBJC_IMPLICIT_RETAIN_SELF = YES;
				CLANG_WARN_OBJC_LITERAL_CONVERSION = YES;
				CLANG_WARN_OBJC_ROOT_CLASS = YES_ERROR;
				CLANG_WARN_QUOTED_INCLUDE_IN_FRAMEWORK_HEADER = YES;
				CLANG_WARN_RANGE_LOOP_ANALYSIS = YES;
				CLANG_WARN_STRICT_PROTOTYPES = YES;
				CLANG_WARN_SUSPICIOUS_MOVE = YES;
				CLANG_WARN_UNGUARDED_AVAILABILITY = YES_AGGRESSIVE;
				CLANG_WARN_UNREACHABLE_CODE = YES;
				CLANG_WARN__DUPLICATE_METHOD_MATCH = YES;
				COPY_PHASE_STRIP = NO;
				DEBUG_INFORMATION_FORMAT = "dwarf-with-dsym";
				ENABLE_NS_ASSERTIONS = NO;
				ENABLE_STRICT_OBJC_MSGSEND = YES;
				GCC_C_LANGUAGE_STANDARD = gnu11;
				GCC_NO_COMMON_BLOCKS = YES;
				GCC_WARN_64_TO_32_BIT_CONVERSION = YES;
				GCC_WARN_ABOUT_RETURN_TYPE = YES_ERROR;
				GCC_WARN_UNDECLARED_SELECTOR = YES;
				GCC_WARN_UNINITIALIZED_AUTOS = YES_AGGRESSIVE;
				GCC_WARN_UNUSED_FUNCTION = YES;
				GCC_WARN_UNUSED_VARIABLE = YES;
				IPHONEOS_DEPLOYMENT_TARGET = 14.3;
				MTL_ENABLE_DEBUG_INFO = NO;
				MTL_FAST_MATH = YES;
				SDKROOT = iphoneos;
				SWIFT_COMPILATION_MODE = wholemodule;
				SWIFT_OPTIMIZATION_LEVEL = "-O";
				VALIDATE_PRODUCT = YES;
			};
			name = Release;
		};
		7B5443A125D1A0C300C9EC22 /* Debug */ = {
			isa = XCBuildConfiguration;
			buildSettings = {
				ASSETCATALOG_COMPILER_APPICON_NAME = AppIcon;
				ASSETCATALOG_COMPILER_GLOBAL_ACCENT_COLOR_NAME = AccentColor;
				CODE_SIGN_STYLE = Automatic;
				DEVELOPMENT_ASSET_PATHS = "\"IngenieSolution/Application/SupportingFiles/Preview Content\"";
				DEVELOPMENT_TEAM = 4WAX7SE2PW;
				ENABLE_PREVIEWS = YES;
				INFOPLIST_FILE = IngenieSolution/Application/SupportingFiles/Info.plist;
				LD_RUNPATH_SEARCH_PATHS = (
					"$(inherited)",
					"@executable_path/Frameworks",
				);
				PRODUCT_BUNDLE_IDENTIFIER = com.caolanowens.IngenieSolution;
				PRODUCT_NAME = "$(TARGET_NAME)";
				SWIFT_VERSION = 5.0;
				TARGETED_DEVICE_FAMILY = 1;
			};
			name = Debug;
		};
		7B5443A225D1A0C300C9EC22 /* Release */ = {
			isa = XCBuildConfiguration;
			buildSettings = {
				ASSETCATALOG_COMPILER_APPICON_NAME = AppIcon;
				ASSETCATALOG_COMPILER_GLOBAL_ACCENT_COLOR_NAME = AccentColor;
				CODE_SIGN_STYLE = Automatic;
				DEVELOPMENT_ASSET_PATHS = "\"IngenieSolution/Application/SupportingFiles/Preview Content\"";
				DEVELOPMENT_TEAM = 4WAX7SE2PW;
				ENABLE_PREVIEWS = YES;
				INFOPLIST_FILE = IngenieSolution/Application/SupportingFiles/Info.plist;
				LD_RUNPATH_SEARCH_PATHS = (
					"$(inherited)",
					"@executable_path/Frameworks",
				);
				PRODUCT_BUNDLE_IDENTIFIER = com.caolanowens.IngenieSolution;
				PRODUCT_NAME = "$(TARGET_NAME)";
				SWIFT_VERSION = 5.0;
				TARGETED_DEVICE_FAMILY = 1;
			};
			name = Release;
		};
		7B5443A425D1A0C300C9EC22 /* Debug */ = {
			isa = XCBuildConfiguration;
			buildSettings = {
				ALWAYS_EMBED_SWIFT_STANDARD_LIBRARIES = YES;
				BUNDLE_LOADER = "$(TEST_HOST)";
				CODE_SIGN_STYLE = Automatic;
				DEVELOPMENT_TEAM = 4WAX7SE2PW;
				INFOPLIST_FILE = IngenieSolutionTests/Info.plist;
				IPHONEOS_DEPLOYMENT_TARGET = 14.3;
				LD_RUNPATH_SEARCH_PATHS = (
					"$(inherited)",
					"@executable_path/Frameworks",
					"@loader_path/Frameworks",
				);
				PRODUCT_BUNDLE_IDENTIFIER = com.caolanowens.IngenieSolutionTests;
				PRODUCT_NAME = "$(TARGET_NAME)";
				SWIFT_VERSION = 5.0;
				TARGETED_DEVICE_FAMILY = "1,2";
				TEST_HOST = "$(BUILT_PRODUCTS_DIR)/IngenieSolution.app/IngenieSolution";
			};
			name = Debug;
		};
		7B5443A525D1A0C300C9EC22 /* Release */ = {
			isa = XCBuildConfiguration;
			buildSettings = {
				ALWAYS_EMBED_SWIFT_STANDARD_LIBRARIES = YES;
				BUNDLE_LOADER = "$(TEST_HOST)";
				CODE_SIGN_STYLE = Automatic;
				DEVELOPMENT_TEAM = 4WAX7SE2PW;
				INFOPLIST_FILE = IngenieSolutionTests/Info.plist;
				IPHONEOS_DEPLOYMENT_TARGET = 14.3;
				LD_RUNPATH_SEARCH_PATHS = (
					"$(inherited)",
					"@executable_path/Frameworks",
					"@loader_path/Frameworks",
				);
				PRODUCT_BUNDLE_IDENTIFIER = com.caolanowens.IngenieSolutionTests;
				PRODUCT_NAME = "$(TARGET_NAME)";
				SWIFT_VERSION = 5.0;
				TARGETED_DEVICE_FAMILY = "1,2";
				TEST_HOST = "$(BUILT_PRODUCTS_DIR)/IngenieSolution.app/IngenieSolution";
			};
			name = Release;
		};
/* End XCBuildConfiguration section */

/* Begin XCConfigurationList section */
		7B54437125D1A0C300C9EC22 /* Build configuration list for PBXProject "IngenieSolution" */ = {
			isa = XCConfigurationList;
			buildConfigurations = (
				7B54439E25D1A0C300C9EC22 /* Debug */,
				7B54439F25D1A0C300C9EC22 /* Release */,
			);
			defaultConfigurationIsVisible = 0;
			defaultConfigurationName = Release;
		};
		7B5443A025D1A0C300C9EC22 /* Build configuration list for PBXNativeTarget "IngenieSolution" */ = {
			isa = XCConfigurationList;
			buildConfigurations = (
				7B5443A125D1A0C300C9EC22 /* Debug */,
				7B5443A225D1A0C300C9EC22 /* Release */,
			);
			defaultConfigurationIsVisible = 0;
			defaultConfigurationName = Release;
		};
		7B5443A325D1A0C300C9EC22 /* Build configuration list for PBXNativeTarget "IngenieSolutionTests" */ = {
			isa = XCConfigurationList;
			buildConfigurations = (
				7B5443A425D1A0C300C9EC22 /* Debug */,
				7B5443A525D1A0C300C9EC22 /* Release */,
			);
			defaultConfigurationIsVisible = 0;
			defaultConfigurationName = Release;
		};
/* End XCConfigurationList section */
	};
	rootObject = 7B54436E25D1A0C300C9EC22 /* Project object */;
}
